
Microsoft Visual Studio Solution File, Format Version 12.00
# Visual Studio 15
Project("{FAE04EC0-301F-11D3-BF4B-00C04F79EFBC}") = "dsa", "dsa\dsa.csproj", "{CEB64B1E-1FCC-4E93-8BEB-64DECA624AED}"
EndProject
Global
	GlobalSection(SolutionConfigurationPlatforms) = preSolution
		Debug|Any CPU = Debug|Any CPU
		Release|Any CPU = Release|Any CPU
	EndGlobalSection
	GlobalSection(ProjectConfigurationPlatforms) = postSolution
		{CEB64B1E-1FCC-4E93-8BEB-64DECA624AED}.Debug|Any CPU.ActiveCfg = Debug|Any CPU
		{CEB64B1E-1FCC-4E93-8BEB-64DECA624AED}.Debug|Any CPU.Build.0 = Debug|Any CPU
		{CEB64B1E-1FCC-4E93-8BEB-64DECA624AED}.Release|Any CPU.ActiveCfg = Release|Any CPU
		{CEB64B1E-1FCC-4E93-8BEB-64DECA624AED}.Release|Any CPU.Build.0 = Release|Any CPU
	EndGlobalSection
EndGlobal
